// !$*UTF8*$!
{
	archiveVersion = 1;
	classes = {
	};
	objectVersion = 46;
	objects = {

/* Begin PBXBuildFile section */
		562F27BB1DD6B6100012E196 /* JoompedTableViewCell.swift in Sources */ = {isa = PBXBuildFile; fileRef = 562F27BA1DD6B6100012E196 /* JoompedTableViewCell.swift */; };
		5630B09E1DD41216008E78D6 /* Video.swift in Sources */ = {isa = PBXBuildFile; fileRef = 5630B09D1DD41216008E78D6 /* Video.swift */; };
		5630B0A01DD412A8008E78D6 /* Annotation.swift in Sources */ = {isa = PBXBuildFile; fileRef = 5630B09F1DD412A8008E78D6 /* Annotation.swift */; };
		5630B0A21DD41327008E78D6 /* Joomped.swift in Sources */ = {isa = PBXBuildFile; fileRef = 5630B0A11DD41327008E78D6 /* Joomped.swift */; };
		5630B0A81DD41974008E78D6 /* User.swift in Sources */ = {isa = PBXBuildFile; fileRef = 5630B0A71DD41974008E78D6 /* User.swift */; };
		5632235B1DE5397D006A8F58 /* ProfileViewController.swift in Sources */ = {isa = PBXBuildFile; fileRef = 5632235A1DE5397D006A8F58 /* ProfileViewController.swift */; };
		5636B9671DF5420E006BB7D6 /* FTIndicator+Async.swift in Sources */ = {isa = PBXBuildFile; fileRef = 5636B9661DF5420E006BB7D6 /* FTIndicator+Async.swift */; };
		5636B9691DF54D46006BB7D6 /* UILabel+Animate.swift in Sources */ = {isa = PBXBuildFile; fileRef = 5636B9681DF54D46006BB7D6 /* UILabel+Animate.swift */; };
		563708DC1DD6A473007CF706 /* Youtube.swift in Sources */ = {isa = PBXBuildFile; fileRef = 563708D81DD6A473007CF706 /* Youtube.swift */; };
		563708DD1DD6A473007CF706 /* YoutubeSnippet.swift in Sources */ = {isa = PBXBuildFile; fileRef = 563708D91DD6A473007CF706 /* YoutubeSnippet.swift */; };
		563708DE1DD6A473007CF706 /* YoutubeThumbnail.swift in Sources */ = {isa = PBXBuildFile; fileRef = 563708DA1DD6A473007CF706 /* YoutubeThumbnail.swift */; };
		563708DF1DD6A473007CF706 /* YoutubeVideo.swift in Sources */ = {isa = PBXBuildFile; fileRef = 563708DB1DD6A473007CF706 /* YoutubeVideo.swift */; };
		563708E11DD6A4C7007CF706 /* Float+Beautify.swift in Sources */ = {isa = PBXBuildFile; fileRef = 563708E01DD6A4C7007CF706 /* Float+Beautify.swift */; };
		563708E31DD6A8F0007CF706 /* JoompedTableViewCell.xib in Resources */ = {isa = PBXBuildFile; fileRef = 563708E21DD6A8F0007CF706 /* JoompedTableViewCell.xib */; };
		5642DF7BCAE4B8DAEBA5CAE7 /* Pods_Joomped.framework in Frameworks */ = {isa = PBXBuildFile; fileRef = 59467971EF4A07165814593E /* Pods_Joomped.framework */; };
		566210B31DE3F8CD00147124 /* YoutubeStatus.swift in Sources */ = {isa = PBXBuildFile; fileRef = 566210B21DE3F8CD00147124 /* YoutubeStatus.swift */; };
		5684F1D41DD713F0004EAF1C /* YoutubeVideoTableViewCell.xib in Resources */ = {isa = PBXBuildFile; fileRef = 5684F1D31DD713F0004EAF1C /* YoutubeVideoTableViewCell.xib */; };
		5684F1D61DD715A6004EAF1C /* YoutubeVideoTableViewCell.swift in Sources */ = {isa = PBXBuildFile; fileRef = 5684F1D51DD715A6004EAF1C /* YoutubeVideoTableViewCell.swift */; };
		5684F1D81DD719EB004EAF1C /* YoutubeVideoDetails.swift in Sources */ = {isa = PBXBuildFile; fileRef = 5684F1D71DD719EB004EAF1C /* YoutubeVideoDetails.swift */; };
		568DFC1E1DEFF5E10090D2D8 /* YoutubeStoryboard.swift in Sources */ = {isa = PBXBuildFile; fileRef = 568DFC1D1DEFF5E10090D2D8 /* YoutubeStoryboard.swift */; };
		56952DBF1DD7DE4B00C372B0 /* ParseGoogleSignInDelegate.swift in Sources */ = {isa = PBXBuildFile; fileRef = 56952DBE1DD7DE4B00C372B0 /* ParseGoogleSignInDelegate.swift */; };
		56B6A9CF1DE54EFE00329E08 /* ReplaceStoryboardSegue.swift in Sources */ = {isa = PBXBuildFile; fileRef = 56B6A9CE1DE54EFE00329E08 /* ReplaceStoryboardSegue.swift */; };
		56B6A9D11DEED36700329E08 /* UIImage+Resize.swift in Sources */ = {isa = PBXBuildFile; fileRef = 56B6A9D01DEED36700329E08 /* UIImage+Resize.swift */; };
		56D783351DD7AEF800779183 /* GoogleService-Info.plist in Resources */ = {isa = PBXBuildFile; fileRef = 56D783341DD7AEF800779183 /* GoogleService-Info.plist */; };
		56D783371DD7B17B00779183 /* GoogleCredentials.swift in Sources */ = {isa = PBXBuildFile; fileRef = 56D783361DD7B17B00779183 /* GoogleCredentials.swift */; };
		793957561DF3FB8E004D12D8 /* UIButtonExtensions.swift in Sources */ = {isa = PBXBuildFile; fileRef = 793957551DF3FB8E004D12D8 /* UIButtonExtensions.swift */; };
		79C5C69C1DD40CFA00040B17 /* JoompedViewController.swift in Sources */ = {isa = PBXBuildFile; fileRef = 79C5C69B1DD40CFA00040B17 /* JoompedViewController.swift */; };
		79D35C601DDD8362006B4967 /* UIColorExtensions.swift in Sources */ = {isa = PBXBuildFile; fileRef = 79D35C5F1DDD8362006B4967 /* UIColorExtensions.swift */; };
		79D35C621DDD88A5006B4967 /* UIBarButtonItemExtensions.swift in Sources */ = {isa = PBXBuildFile; fileRef = 79D35C611DDD88A5006B4967 /* UIBarButtonItemExtensions.swift */; };
		B70C2CBB1DD7EBAF000BEDCE /* YoutubeStatistics.swift in Sources */ = {isa = PBXBuildFile; fileRef = B70C2CBA1DD7EBAF000BEDCE /* YoutubeStatistics.swift */; };
		B72C6C2E1DDC51390049C3C5 /* Date+Relative.swift in Sources */ = {isa = PBXBuildFile; fileRef = B72C6C2D1DDC51390049C3C5 /* Date+Relative.swift */; };
		B7544B4F1DF1299A00D17E06 /* ParseUtility.swift in Sources */ = {isa = PBXBuildFile; fileRef = B7544B4E1DF1299A00D17E06 /* ParseUtility.swift */; };
		B75866561DD69A3E00BB101D /* AnnotationCell.swift in Sources */ = {isa = PBXBuildFile; fileRef = B75866541DD69A3E00BB101D /* AnnotationCell.swift */; };
		B75866571DD69A3E00BB101D /* AnnotationCell.xib in Resources */ = {isa = PBXBuildFile; fileRef = B75866551DD69A3E00BB101D /* AnnotationCell.xib */; };
		B7BA77761DE3F7EF005F52D6 /* TableViewHeader.xib in Resources */ = {isa = PBXBuildFile; fileRef = B7BA77751DE3F7EF005F52D6 /* TableViewHeader.xib */; };
		B7CC8D141DD2D625005FCBEF /* AppDelegate.swift in Sources */ = {isa = PBXBuildFile; fileRef = B7CC8D131DD2D625005FCBEF /* AppDelegate.swift */; };
		B7CC8D191DD2D625005FCBEF /* Main.storyboard in Resources */ = {isa = PBXBuildFile; fileRef = B7CC8D171DD2D625005FCBEF /* Main.storyboard */; };
		B7CC8D1B1DD2D625005FCBEF /* Assets.xcassets in Resources */ = {isa = PBXBuildFile; fileRef = B7CC8D1A1DD2D625005FCBEF /* Assets.xcassets */; };
		B7CC8D1E1DD2D625005FCBEF /* LaunchScreen.storyboard in Resources */ = {isa = PBXBuildFile; fileRef = B7CC8D1C1DD2D625005FCBEF /* LaunchScreen.storyboard */; };
		B7CC8D281DD2DBBB005FCBEF /* LoginViewController.swift in Sources */ = {isa = PBXBuildFile; fileRef = B7CC8D271DD2DBBB005FCBEF /* LoginViewController.swift */; };
		B7E73F491DD42C41009F7F48 /* HomeViewController.swift in Sources */ = {isa = PBXBuildFile; fileRef = B7E73F481DD42C41009F7F48 /* HomeViewController.swift */; };
/* End PBXBuildFile section */

/* Begin PBXFileReference section */
		562F27BA1DD6B6100012E196 /* JoompedTableViewCell.swift */ = {isa = PBXFileReference; fileEncoding = 4; lastKnownFileType = sourcecode.swift; path = JoompedTableViewCell.swift; sourceTree = "<group>"; };
		5630B09D1DD41216008E78D6 /* Video.swift */ = {isa = PBXFileReference; fileEncoding = 4; lastKnownFileType = sourcecode.swift; path = Video.swift; sourceTree = "<group>"; };
		5630B09F1DD412A8008E78D6 /* Annotation.swift */ = {isa = PBXFileReference; fileEncoding = 4; lastKnownFileType = sourcecode.swift; path = Annotation.swift; sourceTree = "<group>"; };
		5630B0A11DD41327008E78D6 /* Joomped.swift */ = {isa = PBXFileReference; fileEncoding = 4; lastKnownFileType = sourcecode.swift; path = Joomped.swift; sourceTree = "<group>"; };
		5630B0A71DD41974008E78D6 /* User.swift */ = {isa = PBXFileReference; fileEncoding = 4; lastKnownFileType = sourcecode.swift; path = User.swift; sourceTree = "<group>"; };
		5632235A1DE5397D006A8F58 /* ProfileViewController.swift */ = {isa = PBXFileReference; fileEncoding = 4; lastKnownFileType = sourcecode.swift; path = ProfileViewController.swift; sourceTree = "<group>"; };
		5636B9661DF5420E006BB7D6 /* FTIndicator+Async.swift */ = {isa = PBXFileReference; fileEncoding = 4; lastKnownFileType = sourcecode.swift; path = "FTIndicator+Async.swift"; sourceTree = "<group>"; };
		5636B9681DF54D46006BB7D6 /* UILabel+Animate.swift */ = {isa = PBXFileReference; fileEncoding = 4; lastKnownFileType = sourcecode.swift; path = "UILabel+Animate.swift"; sourceTree = "<group>"; };
		563708D81DD6A473007CF706 /* Youtube.swift */ = {isa = PBXFileReference; fileEncoding = 4; lastKnownFileType = sourcecode.swift; path = Youtube.swift; sourceTree = "<group>"; };
		563708D91DD6A473007CF706 /* YoutubeSnippet.swift */ = {isa = PBXFileReference; fileEncoding = 4; lastKnownFileType = sourcecode.swift; path = YoutubeSnippet.swift; sourceTree = "<group>"; };
		563708DA1DD6A473007CF706 /* YoutubeThumbnail.swift */ = {isa = PBXFileReference; fileEncoding = 4; lastKnownFileType = sourcecode.swift; path = YoutubeThumbnail.swift; sourceTree = "<group>"; };
		563708DB1DD6A473007CF706 /* YoutubeVideo.swift */ = {isa = PBXFileReference; fileEncoding = 4; lastKnownFileType = sourcecode.swift; path = YoutubeVideo.swift; sourceTree = "<group>"; };
		563708E01DD6A4C7007CF706 /* Float+Beautify.swift */ = {isa = PBXFileReference; fileEncoding = 4; lastKnownFileType = sourcecode.swift; path = "Float+Beautify.swift"; sourceTree = "<group>"; };
		563708E21DD6A8F0007CF706 /* JoompedTableViewCell.xib */ = {isa = PBXFileReference; fileEncoding = 4; lastKnownFileType = file.xib; path = JoompedTableViewCell.xib; sourceTree = "<group>"; };
		566210B21DE3F8CD00147124 /* YoutubeStatus.swift */ = {isa = PBXFileReference; fileEncoding = 4; lastKnownFileType = sourcecode.swift; path = YoutubeStatus.swift; sourceTree = "<group>"; };
		5684F1D31DD713F0004EAF1C /* YoutubeVideoTableViewCell.xib */ = {isa = PBXFileReference; fileEncoding = 4; lastKnownFileType = file.xib; path = YoutubeVideoTableViewCell.xib; sourceTree = "<group>"; };
		5684F1D51DD715A6004EAF1C /* YoutubeVideoTableViewCell.swift */ = {isa = PBXFileReference; fileEncoding = 4; lastKnownFileType = sourcecode.swift; path = YoutubeVideoTableViewCell.swift; sourceTree = "<group>"; };
		5684F1D71DD719EB004EAF1C /* YoutubeVideoDetails.swift */ = {isa = PBXFileReference; fileEncoding = 4; lastKnownFileType = sourcecode.swift; path = YoutubeVideoDetails.swift; sourceTree = "<group>"; };
		568DFC1D1DEFF5E10090D2D8 /* YoutubeStoryboard.swift */ = {isa = PBXFileReference; fileEncoding = 4; lastKnownFileType = sourcecode.swift; path = YoutubeStoryboard.swift; sourceTree = "<group>"; };
		56952DBD1DD7BF1E00C372B0 /* Joomped-Bridging-Header.h */ = {isa = PBXFileReference; lastKnownFileType = sourcecode.c.h; path = "Joomped-Bridging-Header.h"; sourceTree = "<group>"; };
		56952DBE1DD7DE4B00C372B0 /* ParseGoogleSignInDelegate.swift */ = {isa = PBXFileReference; fileEncoding = 4; lastKnownFileType = sourcecode.swift; path = ParseGoogleSignInDelegate.swift; sourceTree = "<group>"; };
		56B6A9CE1DE54EFE00329E08 /* ReplaceStoryboardSegue.swift */ = {isa = PBXFileReference; fileEncoding = 4; lastKnownFileType = sourcecode.swift; path = ReplaceStoryboardSegue.swift; sourceTree = "<group>"; };
		56B6A9D01DEED36700329E08 /* UIImage+Resize.swift */ = {isa = PBXFileReference; fileEncoding = 4; lastKnownFileType = sourcecode.swift; path = "UIImage+Resize.swift"; sourceTree = "<group>"; };
		56D783341DD7AEF800779183 /* GoogleService-Info.plist */ = {isa = PBXFileReference; fileEncoding = 4; lastKnownFileType = text.plist.xml; path = "GoogleService-Info.plist"; sourceTree = "<group>"; };
		56D783361DD7B17B00779183 /* GoogleCredentials.swift */ = {isa = PBXFileReference; fileEncoding = 4; lastKnownFileType = sourcecode.swift; path = GoogleCredentials.swift; sourceTree = "<group>"; };
		59467971EF4A07165814593E /* Pods_Joomped.framework */ = {isa = PBXFileReference; explicitFileType = wrapper.framework; includeInIndex = 0; path = Pods_Joomped.framework; sourceTree = BUILT_PRODUCTS_DIR; };
		793957551DF3FB8E004D12D8 /* UIButtonExtensions.swift */ = {isa = PBXFileReference; fileEncoding = 4; lastKnownFileType = sourcecode.swift; path = UIButtonExtensions.swift; sourceTree = "<group>"; };
		79C5C69B1DD40CFA00040B17 /* JoompedViewController.swift */ = {isa = PBXFileReference; fileEncoding = 4; lastKnownFileType = sourcecode.swift; path = JoompedViewController.swift; sourceTree = "<group>"; };
		79D35C5F1DDD8362006B4967 /* UIColorExtensions.swift */ = {isa = PBXFileReference; fileEncoding = 4; lastKnownFileType = sourcecode.swift; path = UIColorExtensions.swift; sourceTree = "<group>"; };
		79D35C611DDD88A5006B4967 /* UIBarButtonItemExtensions.swift */ = {isa = PBXFileReference; fileEncoding = 4; lastKnownFileType = sourcecode.swift; path = UIBarButtonItemExtensions.swift; sourceTree = "<group>"; };
		B70C2CBA1DD7EBAF000BEDCE /* YoutubeStatistics.swift */ = {isa = PBXFileReference; fileEncoding = 4; lastKnownFileType = sourcecode.swift; path = YoutubeStatistics.swift; sourceTree = "<group>"; };
		B72C6C2D1DDC51390049C3C5 /* Date+Relative.swift */ = {isa = PBXFileReference; fileEncoding = 4; lastKnownFileType = sourcecode.swift; path = "Date+Relative.swift"; sourceTree = "<group>"; };
		B7544B4E1DF1299A00D17E06 /* ParseUtility.swift */ = {isa = PBXFileReference; fileEncoding = 4; lastKnownFileType = sourcecode.swift; path = ParseUtility.swift; sourceTree = "<group>"; };
		B75866541DD69A3E00BB101D /* AnnotationCell.swift */ = {isa = PBXFileReference; fileEncoding = 4; lastKnownFileType = sourcecode.swift; path = AnnotationCell.swift; sourceTree = "<group>"; };
		B75866551DD69A3E00BB101D /* AnnotationCell.xib */ = {isa = PBXFileReference; fileEncoding = 4; lastKnownFileType = file.xib; path = AnnotationCell.xib; sourceTree = "<group>"; };
		B7BA77751DE3F7EF005F52D6 /* TableViewHeader.xib */ = {isa = PBXFileReference; fileEncoding = 4; lastKnownFileType = file.xib; path = TableViewHeader.xib; sourceTree = "<group>"; };
		B7CC8D101DD2D625005FCBEF /* Joomped.app */ = {isa = PBXFileReference; explicitFileType = wrapper.application; includeInIndex = 0; path = Joomped.app; sourceTree = BUILT_PRODUCTS_DIR; };
		B7CC8D131DD2D625005FCBEF /* AppDelegate.swift */ = {isa = PBXFileReference; lastKnownFileType = sourcecode.swift; path = AppDelegate.swift; sourceTree = "<group>"; };
		B7CC8D181DD2D625005FCBEF /* Base */ = {isa = PBXFileReference; lastKnownFileType = file.storyboard; name = Base; path = Base.lproj/Main.storyboard; sourceTree = "<group>"; };
		B7CC8D1A1DD2D625005FCBEF /* Assets.xcassets */ = {isa = PBXFileReference; lastKnownFileType = folder.assetcatalog; path = Assets.xcassets; sourceTree = "<group>"; };
		B7CC8D1D1DD2D625005FCBEF /* Base */ = {isa = PBXFileReference; lastKnownFileType = file.storyboard; name = Base; path = Base.lproj/LaunchScreen.storyboard; sourceTree = "<group>"; };
		B7CC8D1F1DD2D625005FCBEF /* Info.plist */ = {isa = PBXFileReference; lastKnownFileType = text.plist.xml; path = Info.plist; sourceTree = "<group>"; };
		B7CC8D271DD2DBBB005FCBEF /* LoginViewController.swift */ = {isa = PBXFileReference; fileEncoding = 4; lastKnownFileType = sourcecode.swift; path = LoginViewController.swift; sourceTree = "<group>"; };
		B7E73F481DD42C41009F7F48 /* HomeViewController.swift */ = {isa = PBXFileReference; fileEncoding = 4; lastKnownFileType = sourcecode.swift; path = HomeViewController.swift; sourceTree = "<group>"; };
		B7E73F4A1DD43457009F7F48 /* Joomped.entitlements */ = {isa = PBXFileReference; lastKnownFileType = text.plist.entitlements; path = Joomped.entitlements; sourceTree = "<group>"; };
		B7E9D4B01DF38D0A00F2C2F0 /* Joomped-Bridging-Header.h */ = {isa = PBXFileReference; lastKnownFileType = sourcecode.c.h; path = "Joomped-Bridging-Header.h"; sourceTree = "<group>"; };
		FCE3EDED0A1A2271E8658087 /* Pods-Joomped.release.xcconfig */ = {isa = PBXFileReference; includeInIndex = 1; lastKnownFileType = text.xcconfig; name = "Pods-Joomped.release.xcconfig"; path = "Pods/Target Support Files/Pods-Joomped/Pods-Joomped.release.xcconfig"; sourceTree = "<group>"; };
		FF68408A99270B4D8C8B5D88 /* Pods-Joomped.debug.xcconfig */ = {isa = PBXFileReference; includeInIndex = 1; lastKnownFileType = text.xcconfig; name = "Pods-Joomped.debug.xcconfig"; path = "Pods/Target Support Files/Pods-Joomped/Pods-Joomped.debug.xcconfig"; sourceTree = "<group>"; };
/* End PBXFileReference section */

/* Begin PBXFrameworksBuildPhase section */
		B7CC8D0D1DD2D625005FCBEF /* Frameworks */ = {
			isa = PBXFrameworksBuildPhase;
			buildActionMask = 2147483647;
			files = (
				5642DF7BCAE4B8DAEBA5CAE7 /* Pods_Joomped.framework in Frameworks */,
			);
			runOnlyForDeploymentPostprocessing = 0;
		};
/* End PBXFrameworksBuildPhase section */

/* Begin PBXGroup section */
		2C37E3E184D6A90C16EADC86 /* Pods */ = {
			isa = PBXGroup;
			children = (
				FF68408A99270B4D8C8B5D88 /* Pods-Joomped.debug.xcconfig */,
				FCE3EDED0A1A2271E8658087 /* Pods-Joomped.release.xcconfig */,
			);
			name = Pods;
			sourceTree = "<group>";
		};
		5630B09C1DD41206008E78D6 /* Models */ = {
			isa = PBXGroup;
			children = (
				5630B09D1DD41216008E78D6 /* Video.swift */,
				5630B09F1DD412A8008E78D6 /* Annotation.swift */,
				5630B0A11DD41327008E78D6 /* Joomped.swift */,
				5630B0A71DD41974008E78D6 /* User.swift */,
				56D783361DD7B17B00779183 /* GoogleCredentials.swift */,
			);
			name = Models;
			sourceTree = "<group>";
		};
		563708D71DD6A45F007CF706 /* Service */ = {
			isa = PBXGroup;
			children = (
				563708D81DD6A473007CF706 /* Youtube.swift */,
				566210B21DE3F8CD00147124 /* YoutubeStatus.swift */,
				563708D91DD6A473007CF706 /* YoutubeSnippet.swift */,
				563708DA1DD6A473007CF706 /* YoutubeThumbnail.swift */,
				563708DB1DD6A473007CF706 /* YoutubeVideo.swift */,
				5684F1D71DD719EB004EAF1C /* YoutubeVideoDetails.swift */,
				B70C2CBA1DD7EBAF000BEDCE /* YoutubeStatistics.swift */,
				56952DBE1DD7DE4B00C372B0 /* ParseGoogleSignInDelegate.swift */,
				568DFC1D1DEFF5E10090D2D8 /* YoutubeStoryboard.swift */,
				B7544B4E1DF1299A00D17E06 /* ParseUtility.swift */,
			);
			name = Service;
			sourceTree = "<group>";
		};
		56D783381DD7B8E200779183 /* Extensions */ = {
			isa = PBXGroup;
			children = (
				563708E01DD6A4C7007CF706 /* Float+Beautify.swift */,
				B72C6C2D1DDC51390049C3C5 /* Date+Relative.swift */,
				79D35C5F1DDD8362006B4967 /* UIColorExtensions.swift */,
				79D35C611DDD88A5006B4967 /* UIBarButtonItemExtensions.swift */,
				56B6A9D01DEED36700329E08 /* UIImage+Resize.swift */,
				793957551DF3FB8E004D12D8 /* UIButtonExtensions.swift */,
				5636B9661DF5420E006BB7D6 /* FTIndicator+Async.swift */,
				5636B9681DF54D46006BB7D6 /* UILabel+Animate.swift */,
			);
			name = Extensions;
			sourceTree = "<group>";
		};
		79C5C6981DD40BE500040B17 /* Supporting Files */ = {
			isa = PBXGroup;
			children = (
				B7CC8D1F1DD2D625005FCBEF /* Info.plist */,
				B7CC8D1C1DD2D625005FCBEF /* LaunchScreen.storyboard */,
			);
			name = "Supporting Files";
			sourceTree = "<group>";
		};
		B75866531DD69A0A00BB101D /* Views */ = {
			isa = PBXGroup;
			children = (
				562F27BA1DD6B6100012E196 /* JoompedTableViewCell.swift */,
				563708E21DD6A8F0007CF706 /* JoompedTableViewCell.xib */,
				B75866541DD69A3E00BB101D /* AnnotationCell.swift */,
				B75866551DD69A3E00BB101D /* AnnotationCell.xib */,
				5684F1D31DD713F0004EAF1C /* YoutubeVideoTableViewCell.xib */,
				5684F1D51DD715A6004EAF1C /* YoutubeVideoTableViewCell.swift */,
				B7BA77751DE3F7EF005F52D6 /* TableViewHeader.xib */,
				B7E9D4B01DF38D0A00F2C2F0 /* Joomped-Bridging-Header.h */,
			);
			name = Views;
			sourceTree = "<group>";
		};
		B7CC8D071DD2D625005FCBEF = {
			isa = PBXGroup;
			children = (
				B7CC8D121DD2D625005FCBEF /* Joomped */,
				B7CC8D111DD2D625005FCBEF /* Products */,
				2C37E3E184D6A90C16EADC86 /* Pods */,
				FE0C3538427662739965C3D8 /* Frameworks */,
			);
			sourceTree = "<group>";
		};
		B7CC8D111DD2D625005FCBEF /* Products */ = {
			isa = PBXGroup;
			children = (
				B7CC8D101DD2D625005FCBEF /* Joomped.app */,
			);
			name = Products;
			sourceTree = "<group>";
		};
		B7CC8D121DD2D625005FCBEF /* Joomped */ = {
			isa = PBXGroup;
			children = (
				56D783381DD7B8E200779183 /* Extensions */,
				56D783341DD7AEF800779183 /* GoogleService-Info.plist */,
				B75866531DD69A0A00BB101D /* Views */,
				563708D71DD6A45F007CF706 /* Service */,
				B7E73F4A1DD43457009F7F48 /* Joomped.entitlements */,
				5630B09C1DD41206008E78D6 /* Models */,
				B7CC8D261DD2DB37005FCBEF /* View Controllers */,
				B7CC8D131DD2D625005FCBEF /* AppDelegate.swift */,
				B7CC8D171DD2D625005FCBEF /* Main.storyboard */,
				B7CC8D1A1DD2D625005FCBEF /* Assets.xcassets */,
				79C5C6981DD40BE500040B17 /* Supporting Files */,
				56952DBD1DD7BF1E00C372B0 /* Joomped-Bridging-Header.h */,
			);
			path = Joomped;
			sourceTree = "<group>";
		};
		B7CC8D261DD2DB37005FCBEF /* View Controllers */ = {
			isa = PBXGroup;
			children = (
				B7CC8D271DD2DBBB005FCBEF /* LoginViewController.swift */,
				79C5C69B1DD40CFA00040B17 /* JoompedViewController.swift */,
				B7E73F481DD42C41009F7F48 /* HomeViewController.swift */,
				5632235A1DE5397D006A8F58 /* ProfileViewController.swift */,
				56B6A9CE1DE54EFE00329E08 /* ReplaceStoryboardSegue.swift */,
			);
			name = "View Controllers";
			sourceTree = "<group>";
		};
		FE0C3538427662739965C3D8 /* Frameworks */ = {
			isa = PBXGroup;
			children = (
				59467971EF4A07165814593E /* Pods_Joomped.framework */,
			);
			name = Frameworks;
			sourceTree = "<group>";
		};
/* End PBXGroup section */

/* Begin PBXNativeTarget section */
		B7CC8D0F1DD2D625005FCBEF /* Joomped */ = {
			isa = PBXNativeTarget;
			buildConfigurationList = B7CC8D221DD2D625005FCBEF /* Build configuration list for PBXNativeTarget "Joomped" */;
			buildPhases = (
				B1B40C9CB065134463D3C6F4 /* [CP] Check Pods Manifest.lock */,
				B7CC8D0C1DD2D625005FCBEF /* Sources */,
				B7CC8D0D1DD2D625005FCBEF /* Frameworks */,
				B7CC8D0E1DD2D625005FCBEF /* Resources */,
				771CC702689BA6AA0549E42B /* [CP] Embed Pods Frameworks */,
				2FC545172F23DA6E9C7D4CB5 /* [CP] Copy Pods Resources */,
			);
			buildRules = (
			);
			dependencies = (
			);
			name = Joomped;
			productName = Joomped;
			productReference = B7CC8D101DD2D625005FCBEF /* Joomped.app */;
			productType = "com.apple.product-type.application";
		};
/* End PBXNativeTarget section */

/* Begin PBXProject section */
		B7CC8D081DD2D625005FCBEF /* Project object */ = {
			isa = PBXProject;
			attributes = {
				LastSwiftUpdateCheck = 0810;
				LastUpgradeCheck = 0810;
				ORGANIZATIONNAME = Joomped;
				TargetAttributes = {
					B7CC8D0F1DD2D625005FCBEF = {
						CreatedOnToolsVersion = 8.1;
						DevelopmentTeam = 5K27PD58GS;
						LastSwiftMigration = 0810;
						ProvisioningStyle = Automatic;
						SystemCapabilities = {
							com.apple.Keychain = {
								enabled = 1;
							};
						};
					};
				};
			};
			buildConfigurationList = B7CC8D0B1DD2D625005FCBEF /* Build configuration list for PBXProject "Joomped" */;
			compatibilityVersion = "Xcode 3.2";
			developmentRegion = English;
			hasScannedForEncodings = 0;
			knownRegions = (
				en,
				Base,
			);
			mainGroup = B7CC8D071DD2D625005FCBEF;
			productRefGroup = B7CC8D111DD2D625005FCBEF /* Products */;
			projectDirPath = "";
			projectRoot = "";
			targets = (
				B7CC8D0F1DD2D625005FCBEF /* Joomped */,
			);
		};
/* End PBXProject section */

/* Begin PBXResourcesBuildPhase section */
		B7CC8D0E1DD2D625005FCBEF /* Resources */ = {
			isa = PBXResourcesBuildPhase;
			buildActionMask = 2147483647;
			files = (
				B7BA77761DE3F7EF005F52D6 /* TableViewHeader.xib in Resources */,
				B7CC8D1E1DD2D625005FCBEF /* LaunchScreen.storyboard in Resources */,
				5684F1D41DD713F0004EAF1C /* YoutubeVideoTableViewCell.xib in Resources */,
				B7CC8D1B1DD2D625005FCBEF /* Assets.xcassets in Resources */,
				B75866571DD69A3E00BB101D /* AnnotationCell.xib in Resources */,
				563708E31DD6A8F0007CF706 /* JoompedTableViewCell.xib in Resources */,
				B7CC8D191DD2D625005FCBEF /* Main.storyboard in Resources */,
				56D783351DD7AEF800779183 /* GoogleService-Info.plist in Resources */,
			);
			runOnlyForDeploymentPostprocessing = 0;
		};
/* End PBXResourcesBuildPhase section */

/* Begin PBXShellScriptBuildPhase section */
		2FC545172F23DA6E9C7D4CB5 /* [CP] Copy Pods Resources */ = {
			isa = PBXShellScriptBuildPhase;
			buildActionMask = 2147483647;
			files = (
			);
			inputPaths = (
			);
			name = "[CP] Copy Pods Resources";
			outputPaths = (
			);
			runOnlyForDeploymentPostprocessing = 0;
			shellPath = /bin/sh;
			shellScript = "\"${SRCROOT}/Pods/Target Support Files/Pods-Joomped/Pods-Joomped-resources.sh\"\n";
			showEnvVarsInLog = 0;
		};
		771CC702689BA6AA0549E42B /* [CP] Embed Pods Frameworks */ = {
			isa = PBXShellScriptBuildPhase;
			buildActionMask = 2147483647;
			files = (
			);
			inputPaths = (
			);
			name = "[CP] Embed Pods Frameworks";
			outputPaths = (
			);
			runOnlyForDeploymentPostprocessing = 0;
			shellPath = /bin/sh;
			shellScript = "\"${SRCROOT}/Pods/Target Support Files/Pods-Joomped/Pods-Joomped-frameworks.sh\"\n";
			showEnvVarsInLog = 0;
		};
		B1B40C9CB065134463D3C6F4 /* [CP] Check Pods Manifest.lock */ = {
			isa = PBXShellScriptBuildPhase;
			buildActionMask = 2147483647;
			files = (
			);
			inputPaths = (
			);
			name = "[CP] Check Pods Manifest.lock";
			outputPaths = (
			);
			runOnlyForDeploymentPostprocessing = 0;
			shellPath = /bin/sh;
			shellScript = "diff \"${PODS_ROOT}/../Podfile.lock\" \"${PODS_ROOT}/Manifest.lock\" > /dev/null\nif [ $? != 0 ] ; then\n    # print error to STDERR\n    echo \"error: The sandbox is not in sync with the Podfile.lock. Run 'pod install' or update your CocoaPods installation.\" >&2\n    exit 1\nfi\n";
			showEnvVarsInLog = 0;
		};
/* End PBXShellScriptBuildPhase section */

/* Begin PBXSourcesBuildPhase section */
		B7CC8D0C1DD2D625005FCBEF /* Sources */ = {
			isa = PBXSourcesBuildPhase;
			buildActionMask = 2147483647;
			files = (
				B70C2CBB1DD7EBAF000BEDCE /* YoutubeStatistics.swift in Sources */,
				B7544B4F1DF1299A00D17E06 /* ParseUtility.swift in Sources */,
				563708DE1DD6A473007CF706 /* YoutubeThumbnail.swift in Sources */,
				563708DC1DD6A473007CF706 /* Youtube.swift in Sources */,
				56B6A9CF1DE54EFE00329E08 /* ReplaceStoryboardSegue.swift in Sources */,
				566210B31DE3F8CD00147124 /* YoutubeStatus.swift in Sources */,
				56D783371DD7B17B00779183 /* GoogleCredentials.swift in Sources */,
				563708E11DD6A4C7007CF706 /* Float+Beautify.swift in Sources */,
				B7CC8D281DD2DBBB005FCBEF /* LoginViewController.swift in Sources */,
				568DFC1E1DEFF5E10090D2D8 /* YoutubeStoryboard.swift in Sources */,
				5630B0A01DD412A8008E78D6 /* Annotation.swift in Sources */,
				5630B0A21DD41327008E78D6 /* Joomped.swift in Sources */,
				563708DF1DD6A473007CF706 /* YoutubeVideo.swift in Sources */,
				B7E73F491DD42C41009F7F48 /* HomeViewController.swift in Sources */,
				5630B0A81DD41974008E78D6 /* User.swift in Sources */,
				793957561DF3FB8E004D12D8 /* UIButtonExtensions.swift in Sources */,
				B75866561DD69A3E00BB101D /* AnnotationCell.swift in Sources */,
				56B6A9D11DEED36700329E08 /* UIImage+Resize.swift in Sources */,
				5630B09E1DD41216008E78D6 /* Video.swift in Sources */,
				79D35C601DDD8362006B4967 /* UIColorExtensions.swift in Sources */,
				56952DBF1DD7DE4B00C372B0 /* ParseGoogleSignInDelegate.swift in Sources */,
				79D35C621DDD88A5006B4967 /* UIBarButtonItemExtensions.swift in Sources */,
				B72C6C2E1DDC51390049C3C5 /* Date+Relative.swift in Sources */,
				562F27BB1DD6B6100012E196 /* JoompedTableViewCell.swift in Sources */,
				5636B9691DF54D46006BB7D6 /* UILabel+Animate.swift in Sources */,
				B7CC8D141DD2D625005FCBEF /* AppDelegate.swift in Sources */,
				5636B9671DF5420E006BB7D6 /* FTIndicator+Async.swift in Sources */,
				5684F1D81DD719EB004EAF1C /* YoutubeVideoDetails.swift in Sources */,
				79C5C69C1DD40CFA00040B17 /* JoompedViewController.swift in Sources */,
				5632235B1DE5397D006A8F58 /* ProfileViewController.swift in Sources */,
				563708DD1DD6A473007CF706 /* YoutubeSnippet.swift in Sources */,
				5684F1D61DD715A6004EAF1C /* YoutubeVideoTableViewCell.swift in Sources */,
			);
			runOnlyForDeploymentPostprocessing = 0;
		};
/* End PBXSourcesBuildPhase section */

/* Begin PBXVariantGroup section */
		B7CC8D171DD2D625005FCBEF /* Main.storyboard */ = {
			isa = PBXVariantGroup;
			children = (
				B7CC8D181DD2D625005FCBEF /* Base */,
			);
			name = Main.storyboard;
			sourceTree = "<group>";
		};
		B7CC8D1C1DD2D625005FCBEF /* LaunchScreen.storyboard */ = {
			isa = PBXVariantGroup;
			children = (
				B7CC8D1D1DD2D625005FCBEF /* Base */,
			);
			name = LaunchScreen.storyboard;
			sourceTree = "<group>";
		};
/* End PBXVariantGroup section */

/* Begin XCBuildConfiguration section */
		B7CC8D201DD2D625005FCBEF /* Debug */ = {
			isa = XCBuildConfiguration;
			buildSettings = {
				ALWAYS_SEARCH_USER_PATHS = NO;
				CLANG_ANALYZER_NONNULL = YES;
				CLANG_CXX_LANGUAGE_STANDARD = "gnu++0x";
				CLANG_CXX_LIBRARY = "libc++";
				CLANG_ENABLE_MODULES = YES;
				CLANG_ENABLE_OBJC_ARC = YES;
				CLANG_WARN_BOOL_CONVERSION = YES;
				CLANG_WARN_CONSTANT_CONVERSION = YES;
				CLANG_WARN_DIRECT_OBJC_ISA_USAGE = YES_ERROR;
				CLANG_WARN_DOCUMENTATION_COMMENTS = YES;
				CLANG_WARN_EMPTY_BODY = YES;
				CLANG_WARN_ENUM_CONVERSION = YES;
				CLANG_WARN_INFINITE_RECURSION = YES;
				CLANG_WARN_INT_CONVERSION = YES;
				CLANG_WARN_OBJC_ROOT_CLASS = YES_ERROR;
				CLANG_WARN_SUSPICIOUS_MOVE = YES;
				CLANG_WARN_SUSPICIOUS_MOVES = YES;
				CLANG_WARN_UNREACHABLE_CODE = YES;
				CLANG_WARN__DUPLICATE_METHOD_MATCH = YES;
				"CODE_SIGN_IDENTITY[sdk=iphoneos*]" = "iPhone Developer";
				COPY_PHASE_STRIP = NO;
				DEBUG_INFORMATION_FORMAT = dwarf;
				ENABLE_STRICT_OBJC_MSGSEND = YES;
				ENABLE_TESTABILITY = YES;
				GCC_C_LANGUAGE_STANDARD = gnu99;
				GCC_DYNAMIC_NO_PIC = NO;
				GCC_NO_COMMON_BLOCKS = YES;
				GCC_OPTIMIZATION_LEVEL = 0;
				GCC_PREPROCESSOR_DEFINITIONS = (
					"DEBUG=1",
					"$(inherited)",
				);
				GCC_WARN_64_TO_32_BIT_CONVERSION = YES;
				GCC_WARN_ABOUT_RETURN_TYPE = YES_ERROR;
				GCC_WARN_UNDECLARED_SELECTOR = YES;
				GCC_WARN_UNINITIALIZED_AUTOS = YES_AGGRESSIVE;
				GCC_WARN_UNUSED_FUNCTION = YES;
				GCC_WARN_UNUSED_VARIABLE = YES;
				IPHONEOS_DEPLOYMENT_TARGET = 9.3;
				MTL_ENABLE_DEBUG_INFO = YES;
				ONLY_ACTIVE_ARCH = YES;
				SDKROOT = iphoneos;
				SWIFT_ACTIVE_COMPILATION_CONDITIONS = DEBUG;
				SWIFT_OPTIMIZATION_LEVEL = "-Onone";
			};
			name = Debug;
		};
		B7CC8D211DD2D625005FCBEF /* Release */ = {
			isa = XCBuildConfiguration;
			buildSettings = {
				ALWAYS_SEARCH_USER_PATHS = NO;
				CLANG_ANALYZER_NONNULL = YES;
				CLANG_CXX_LANGUAGE_STANDARD = "gnu++0x";
				CLANG_CXX_LIBRARY = "libc++";
				CLANG_ENABLE_MODULES = YES;
				CLANG_ENABLE_OBJC_ARC = YES;
				CLANG_WARN_BOOL_CONVERSION = YES;
				CLANG_WARN_CONSTANT_CONVERSION = YES;
				CLANG_WARN_DIRECT_OBJC_ISA_USAGE = YES_ERROR;
				CLANG_WARN_DOCUMENTATION_COMMENTS = YES;
				CLANG_WARN_EMPTY_BODY = YES;
				CLANG_WARN_ENUM_CONVERSION = YES;
				CLANG_WARN_INFINITE_RECURSION = YES;
				CLANG_WARN_INT_CONVERSION = YES;
				CLANG_WARN_OBJC_ROOT_CLASS = YES_ERROR;
				CLANG_WARN_SUSPICIOUS_MOVE = YES;
				CLANG_WARN_SUSPICIOUS_MOVES = YES;
				CLANG_WARN_UNREACHABLE_CODE = YES;
				CLANG_WARN__DUPLICATE_METHOD_MATCH = YES;
				"CODE_SIGN_IDENTITY[sdk=iphoneos*]" = "iPhone Developer";
				COPY_PHASE_STRIP = NO;
				DEBUG_INFORMATION_FORMAT = "dwarf-with-dsym";
				ENABLE_NS_ASSERTIONS = NO;
				ENABLE_STRICT_OBJC_MSGSEND = YES;
				GCC_C_LANGUAGE_STANDARD = gnu99;
				GCC_NO_COMMON_BLOCKS = YES;
				GCC_WARN_64_TO_32_BIT_CONVERSION = YES;
				GCC_WARN_ABOUT_RETURN_TYPE = YES_ERROR;
				GCC_WARN_UNDECLARED_SELECTOR = YES;
				GCC_WARN_UNINITIALIZED_AUTOS = YES_AGGRESSIVE;
				GCC_WARN_UNUSED_FUNCTION = YES;
				GCC_WARN_UNUSED_VARIABLE = YES;
				IPHONEOS_DEPLOYMENT_TARGET = 9.3;
				MTL_ENABLE_DEBUG_INFO = NO;
				SDKROOT = iphoneos;
				SWIFT_OPTIMIZATION_LEVEL = "-Owholemodule";
				VALIDATE_PRODUCT = YES;
			};
			name = Release;
		};
		B7CC8D231DD2D625005FCBEF /* Debug */ = {
			isa = XCBuildConfiguration;
			baseConfigurationReference = FF68408A99270B4D8C8B5D88 /* Pods-Joomped.debug.xcconfig */;
			buildSettings = {
				ALWAYS_SEARCH_USER_PATHS = NO;
				ASSETCATALOG_COMPILER_APPICON_NAME = AppIcon;
				CLANG_ENABLE_MODULES = YES;
				CODE_SIGN_ENTITLEMENTS = Joomped/Joomped.entitlements;
				DEVELOPMENT_TEAM = 5K27PD58GS;
				INFOPLIST_FILE = Joomped/Info.plist;
				LD_RUNPATH_SEARCH_PATHS = "$(inherited) @executable_path/Frameworks";
				PRODUCT_BUNDLE_IDENTIFIER = com.joomed.Joomped;
				PRODUCT_NAME = "$(TARGET_NAME)";
				SWIFT_OBJC_BRIDGING_HEADER = "Joomped/Joomped-Bridging-Header.h";
				"SWIFT_OBJC_BRIDGING_HEADER[arch=*]" = "";
				SWIFT_OPTIMIZATION_LEVEL = "-Onone";
				SWIFT_VERSION = 3.0;
				USER_HEADER_SEARCH_PATHS = "";
			};
			name = Debug;
		};
		B7CC8D241DD2D625005FCBEF /* Release */ = {
			isa = XCBuildConfiguration;
			baseConfigurationReference = FCE3EDED0A1A2271E8658087 /* Pods-Joomped.release.xcconfig */;
			buildSettings = {
				ALWAYS_SEARCH_USER_PATHS = NO;
				ASSETCATALOG_COMPILER_APPICON_NAME = AppIcon;
				CLANG_ENABLE_MODULES = YES;
				CODE_SIGN_ENTITLEMENTS = Joomped/Joomped.entitlements;
				DEVELOPMENT_TEAM = 5K27PD58GS;
				INFOPLIST_FILE = Joomped/Info.plist;
				LD_RUNPATH_SEARCH_PATHS = "$(inherited) @executable_path/Frameworks";
				PRODUCT_BUNDLE_IDENTIFIER = com.joomed.Joomped;
				PRODUCT_NAME = "$(TARGET_NAME)";
				SWIFT_OBJC_BRIDGING_HEADER = "Joomped/Joomped-Bridging-Header.h";
				SWIFT_VERSION = 3.0;
				USER_HEADER_SEARCH_PATHS = "";
			};
			name = Release;
		};
/* End XCBuildConfiguration section */

/* Begin XCConfigurationList section */
		B7CC8D0B1DD2D625005FCBEF /* Build configuration list for PBXProject "Joomped" */ = {
			isa = XCConfigurationList;
			buildConfigurations = (
				B7CC8D201DD2D625005FCBEF /* Debug */,
				B7CC8D211DD2D625005FCBEF /* Release */,
			);
			defaultConfigurationIsVisible = 0;
			defaultConfigurationName = Release;
		};
		B7CC8D221DD2D625005FCBEF /* Build configuration list for PBXNativeTarget "Joomped" */ = {
			isa = XCConfigurationList;
			buildConfigurations = (
				B7CC8D231DD2D625005FCBEF /* Debug */,
				B7CC8D241DD2D625005FCBEF /* Release */,
			);
			defaultConfigurationIsVisible = 0;
			defaultConfigurationName = Release;
		};
/* End XCConfigurationList section */
	};
	rootObject = B7CC8D081DD2D625005FCBEF /* Project object */;
}
